
Microsoft Visual Studio Solution File, Format Version 12.00
# Visual Studio Version 16
VisualStudioVersion = 16.0.31613.86
MinimumVisualStudioVersion = 10.0.40219.1
Project("{9A19103F-16F7-4668-BE54-9A1E7A4F7556}") = "ASPNetCoreMasters", "ASPNetCoreMasters\ASPNetCoreMasters.csproj", "{4CE991DB-B132-4CC1-A1D4-7FB8F344992D}"
EndProject
Project("{9A19103F-16F7-4668-BE54-9A1E7A4F7556}") = "Services", "Services\Services.csproj", "{4C4A539F-3BF3-4920-A81A-9D7BBB7A690A}"
EndProject
Project("{9A19103F-16F7-4668-BE54-9A1E7A4F7556}") = "DomainModels", "DomainModels\DomainModels.csproj", "{A0C8C290-60D7-4F2D-9ADE-2E0201B78682}"
EndProject
Project("{FAE04EC0-301F-11D3-BF4B-00C04F79EFBC}") = "Repositories", "Repositories\Repositories.csproj", "{CC66E6D8-97DD-489A-A033-77612A604158}"
EndProject
Global
	GlobalSection(SolutionConfigurationPlatforms) = preSolution
		Debug|Any CPU = Debug|Any CPU
		Release|Any CPU = Release|Any CPU
	EndGlobalSection
	GlobalSection(ProjectConfigurationPlatforms) = postSolution
		{4CE991DB-B132-4CC1-A1D4-7FB8F344992D}.Debug|Any CPU.ActiveCfg = Debug|Any CPU
		{4CE991DB-B132-4CC1-A1D4-7FB8F344992D}.Debug|Any CPU.Build.0 = Debug|Any CPU
		{4CE991DB-B132-4CC1-A1D4-7FB8F344992D}.Release|Any CPU.ActiveCfg = Release|Any CPU
		{4CE991DB-B132-4CC1-A1D4-7FB8F344992D}.Release|Any CPU.Build.0 = Release|Any CPU
		{4C4A539F-3BF3-4920-A81A-9D7BBB7A690A}.Debug|Any CPU.ActiveCfg = Debug|Any CPU
		{4C4A539F-3BF3-4920-A81A-9D7BBB7A690A}.Debug|Any CPU.Build.0 = Debug|Any CPU
		{4C4A539F-3BF3-4920-A81A-9D7BBB7A690A}.Release|Any CPU.ActiveCfg = Release|Any CPU
		{4C4A539F-3BF3-4920-A81A-9D7BBB7A690A}.Release|Any CPU.Build.0 = Release|Any CPU
		{A0C8C290-60D7-4F2D-9ADE-2E0201B78682}.Debug|Any CPU.ActiveCfg = Debug|Any CPU
		{A0C8C290-60D7-4F2D-9ADE-2E0201B78682}.Debug|Any CPU.Build.0 = Debug|Any CPU
		{A0C8C290-60D7-4F2D-9ADE-2E0201B78682}.Release|Any CPU.ActiveCfg = Release|Any CPU
		{A0C8C290-60D7-4F2D-9ADE-2E0201B78682}.Release|Any CPU.Build.0 = Release|Any CPU
		{CC66E6D8-97DD-489A-A033-77612A604158}.Debug|Any CPU.ActiveCfg = Debug|Any CPU
		{CC66E6D8-97DD-489A-A033-77612A604158}.Debug|Any CPU.Build.0 = Debug|Any CPU
		{CC66E6D8-97DD-489A-A033-77612A604158}.Release|Any CPU.ActiveCfg = Release|Any CPU
		{CC66E6D8-97DD-489A-A033-77612A604158}.Release|Any CPU.Build.0 = Release|Any CPU
	EndGlobalSection
	GlobalSection(SolutionProperties) = preSolution
		HideSolutionNode = FALSE
	EndGlobalSection
	GlobalSection(ExtensibilityGlobals) = postSolution
		SolutionGuid = {16DFCF6C-D031-4C26-BCBF-96CB849BB3F6}
	EndGlobalSection
EndGlobal
